
Microsoft Visual Studio Solution File, Format Version 12.00
# Visual Studio Version 17
VisualStudioVersion = 17.7.34202.233
MinimumVisualStudioVersion = 10.0.40219.1
Project("{FAE04EC0-301F-11D3-BF4B-00C04F79EFBC}") = "EmlakciAppFinal", "EmlakciAppFinal.csproj", "{9446CDFF-7BAD-4362-92C8-07FDB457F2F4}"
EndProject
Project("{FAE04EC0-301F-11D3-BF4B-00C04F79EFBC}") = "EmlakciLibFinal", "..\EmlakciLibFinal\EmlakciLibFinal.csproj", "{FC2A9167-A2D4-4CD2-B713-C4B788A82DDB}"
EndProject
Global
	GlobalSection(SolutionConfigurationPlatforms) = preSolution
		Debug|Any CPU = Debug|Any CPU
		Release|Any CPU = Release|Any CPU
	EndGlobalSection
	GlobalSection(ProjectConfigurationPlatforms) = postSolution
		{9446CDFF-7BAD-4362-92C8-07FDB457F2F4}.Debug|Any CPU.ActiveCfg = Debug|Any CPU
		{9446CDFF-7BAD-4362-92C8-07FDB457F2F4}.Debug|Any CPU.Build.0 = Debug|Any CPU
		{9446CDFF-7BAD-4362-92C8-07FDB457F2F4}.Release|Any CPU.ActiveCfg = Release|Any CPU
		{9446CDFF-7BAD-4362-92C8-07FDB457F2F4}.Release|Any CPU.Build.0 = Release|Any CPU
		{FC2A9167-A2D4-4CD2-B713-C4B788A82DDB}.Debug|Any CPU.ActiveCfg = Debug|Any CPU
		{FC2A9167-A2D4-4CD2-B713-C4B788A82DDB}.Debug|Any CPU.Build.0 = Debug|Any CPU
		{FC2A9167-A2D4-4CD2-B713-C4B788A82DDB}.Release|Any CPU.ActiveCfg = Release|Any CPU
		{FC2A9167-A2D4-4CD2-B713-C4B788A82DDB}.Release|Any CPU.Build.0 = Release|Any CPU
	EndGlobalSection
	GlobalSection(SolutionProperties) = preSolution
		HideSolutionNode = FALSE
	EndGlobalSection
	GlobalSection(ExtensibilityGlobals) = postSolution
		SolutionGuid = {64C68269-A840-482D-AFE7-126B1A8B983B}
	EndGlobalSection
EndGlobal
